{
  "name": "03__teste_promise",
  "version": "1.0.0",
  "lockfileVersion": 3,
  "requires": true,
  "packages": {
    "": {
      "name": "03__teste_promise",
      "version": "1.0.0",
      "license": "ISC",
      "dependencies": {
        "03__teste_promise": "file:"
      }
    },
    "node_modules/03__teste_promise": {
      "resolved": "",
      "link": true
    }
  }
}
