{
  "name": "02__teste_execucao_assincrona",
  "version": "1.0.0",
  "lockfileVersion": 3,
  "requires": true,
  "packages": {
    "": {
      "name": "02__teste_execucao_assincrona",
      "version": "1.0.0",
      "license": "ISC",
      "dependencies": {
        "02__teste_execucao_assincrona": "file:"
      }
    },
    "node_modules/02__teste_execucao_assincrona": {
      "resolved": "",
      "link": true
    }
  }
}
